// !$*UTF8*$!
{
	archiveVersion = 1;
	classes = {
	};
	objectVersion = 50;
	objects = {

/* Begin PBXBuildFile section */
		A93D47E12518E13400FB0860 /* AppDelegate.swift in Sources */ = {isa = PBXBuildFile; fileRef = A93D47E02518E13400FB0860 /* AppDelegate.swift */; };
		A93D47E32518E13400FB0860 /* SceneDelegate.swift in Sources */ = {isa = PBXBuildFile; fileRef = A93D47E22518E13400FB0860 /* SceneDelegate.swift */; };
		A93D47E52518E13400FB0860 /* ContentView.swift in Sources */ = {isa = PBXBuildFile; fileRef = A93D47E42518E13400FB0860 /* ContentView.swift */; };
		A93D47E72518E13700FB0860 /* Assets.xcassets in Resources */ = {isa = PBXBuildFile; fileRef = A93D47E62518E13700FB0860 /* Assets.xcassets */; };
		A93D47EA2518E13700FB0860 /* Preview Assets.xcassets in Resources */ = {isa = PBXBuildFile; fileRef = A93D47E92518E13700FB0860 /* Preview Assets.xcassets */; };
		A93D47ED2518E13700FB0860 /* LaunchScreen.storyboard in Resources */ = {isa = PBXBuildFile; fileRef = A93D47EB2518E13700FB0860 /* LaunchScreen.storyboard */; };
/* End PBXBuildFile section */

/* Begin PBXFileReference section */
		A93D47DD2518E13400FB0860 /* JenkinsBizCard.app */ = {isa = PBXFileReference; explicitFileType = wrapper.application; includeInIndex = 0; path = JenkinsBizCard.app; sourceTree = BUILT_PRODUCTS_DIR; };
		A93D47E02518E13400FB0860 /* AppDelegate.swift */ = {isa = PBXFileReference; lastKnownFileType = sourcecode.swift; path = AppDelegate.swift; sourceTree = "<group>"; };
		A93D47E22518E13400FB0860 /* SceneDelegate.swift */ = {isa = PBXFileReference; lastKnownFileType = sourcecode.swift; path = SceneDelegate.swift; sourceTree = "<group>"; };
		A93D47E42518E13400FB0860 /* ContentView.swift */ = {isa = PBXFileReference; lastKnownFileType = sourcecode.swift; path = ContentView.swift; sourceTree = "<group>"; };
		A93D47E62518E13700FB0860 /* Assets.xcassets */ = {isa = PBXFileReference; lastKnownFileType = folder.assetcatalog; path = Assets.xcassets; sourceTree = "<group>"; };
		A93D47E92518E13700FB0860 /* Preview Assets.xcassets */ = {isa = PBXFileReference; lastKnownFileType = folder.assetcatalog; path = "Preview Assets.xcassets"; sourceTree = "<group>"; };
		A93D47EC2518E13700FB0860 /* Base */ = {isa = PBXFileReference; lastKnownFileType = file.storyboard; name = Base; path = Base.lproj/LaunchScreen.storyboard; sourceTree = "<group>"; };
		A93D47EE2518E13700FB0860 /* Info.plist */ = {isa = PBXFileReference; lastKnownFileType = text.plist.xml; path = Info.plist; sourceTree = "<group>"; };
/* End PBXFileReference section */

/* Begin PBXFrameworksBuildPhase section */
		A93D47DA2518E13400FB0860 /* Frameworks */ = {
			isa = PBXFrameworksBuildPhase;
			buildActionMask = 2147483647;
			files = (
			);
			runOnlyForDeploymentPostprocessing = 0;
		};
/* End PBXFrameworksBuildPhase section */

/* Begin PBXGroup section */
		A93D47D42518E13400FB0860 = {
			isa = PBXGroup;
			children = (
				A93D47DF2518E13400FB0860 /* JenkinsBizCard */,
				A93D47DE2518E13400FB0860 /* Products */,
			);
			sourceTree = "<group>";
		};
		A93D47DE2518E13400FB0860 /* Products */ = {
			isa = PBXGroup;
			children = (
				A93D47DD2518E13400FB0860 /* JenkinsBizCard.app */,
			);
			name = Products;
			sourceTree = "<group>";
		};
		A93D47DF2518E13400FB0860 /* JenkinsBizCard */ = {
			isa = PBXGroup;
			children = (
				A93D47E02518E13400FB0860 /* AppDelegate.swift */,
				A93D47E22518E13400FB0860 /* SceneDelegate.swift */,
				A93D47E42518E13400FB0860 /* ContentView.swift */,
				A93D47E62518E13700FB0860 /* Assets.xcassets */,
				A93D47EB2518E13700FB0860 /* LaunchScreen.storyboard */,
				A93D47EE2518E13700FB0860 /* Info.plist */,
				A93D47E82518E13700FB0860 /* Preview Content */,
			);
			path = JenkinsBizCard;
			sourceTree = "<group>";
		};
		A93D47E82518E13700FB0860 /* Preview Content */ = {
			isa = PBXGroup;
			children = (
				A93D47E92518E13700FB0860 /* Preview Assets.xcassets */,
			);
			path = "Preview Content";
			sourceTree = "<group>";
		};
/* End PBXGroup section */

/* Begin PBXNativeTarget section */
		A93D47DC2518E13400FB0860 /* JenkinsBizCard */ = {
			isa = PBXNativeTarget;
			buildConfigurationList = A93D47F12518E13700FB0860 /* Build configuration list for PBXNativeTarget "JenkinsBizCard" */;
			buildPhases = (
				A93D47D92518E13400FB0860 /* Sources */,
				A93D47DA2518E13400FB0860 /* Frameworks */,
				A93D47DB2518E13400FB0860 /* Resources */,
			);
			buildRules = (
			);
			dependencies = (
			);
			name = JenkinsBizCard;
			productName = JenkinsBizCard;
			productReference = A93D47DD2518E13400FB0860 /* JenkinsBizCard.app */;
			productType = "com.apple.product-type.application";
		};
/* End PBXNativeTarget section */

/* Begin PBXProject section */
		A93D47D52518E13400FB0860 /* Project object */ = {
			isa = PBXProject;
			attributes = {
				LastSwiftUpdateCheck = 1160;
				LastUpgradeCheck = 1160;
				ORGANIZATIONNAME = "John Jenkins";
				TargetAttributes = {
					A93D47DC2518E13400FB0860 = {
						CreatedOnToolsVersion = 11.6;
					};
				};
			};
			buildConfigurationList = A93D47D82518E13400FB0860 /* Build configuration list for PBXProject "JenkinsBizCard" */;
			compatibilityVersion = "Xcode 9.3";
			developmentRegion = en;
			hasScannedForEncodings = 0;
			knownRegions = (
				en,
				Base,
			);
			mainGroup = A93D47D42518E13400FB0860;
			productRefGroup = A93D47DE2518E13400FB0860 /* Products */;
			projectDirPath = "";
			projectRoot = "";
			targets = (
				A93D47DC2518E13400FB0860 /* JenkinsBizCard */,
			);
		};
/* End PBXProject section */

/* Begin PBXResourcesBuildPhase section */
		A93D47DB2518E13400FB0860 /* Resources */ = {
			isa = PBXResourcesBuildPhase;
			buildActionMask = 2147483647;
			files = (
				A93D47ED2518E13700FB0860 /* LaunchScreen.storyboard in Resources */,
				A93D47EA2518E13700FB0860 /* Preview Assets.xcassets in Resources */,
				A93D47E72518E13700FB0860 /* Assets.xcassets in Resources */,
			);
			runOnlyForDeploymentPostprocessing = 0;
		};
/* End PBXResourcesBuildPhase section */

/* Begin PBXSourcesBuildPhase section */
		A93D47D92518E13400FB0860 /* Sources */ = {
			isa = PBXSourcesBuildPhase;
			buildActionMask = 2147483647;
			files = (
				A93D47E12518E13400FB0860 /* AppDelegate.swift in Sources */,
				A93D47E32518E13400FB0860 /* SceneDelegate.swift in Sources */,
				A93D47E52518E13400FB0860 /* ContentView.swift in Sources */,
			);
			runOnlyForDeploymentPostprocessing = 0;
		};
/* End PBXSourcesBuildPhase section */

/* Begin PBXVariantGroup section */
		A93D47EB2518E13700FB0860 /* LaunchScreen.storyboard */ = {
			isa = PBXVariantGroup;
			children = (
				A93D47EC2518E13700FB0860 /* Base */,
			);
			name = LaunchScreen.storyboard;
			sourceTree = "<group>";
		};
/* End PBXVariantGroup section */

/* Begin XCBuildConfiguration section */
		A93D47EF2518E13700FB0860 /* Debug */ = {
			isa = XCBuildConfiguration;
			buildSettings = {
				ALWAYS_SEARCH_USER_PATHS = NO;
				CLANG_ANALYZER_NONNULL = YES;
				CLANG_ANALYZER_NUMBER_OBJECT_CONVERSION = YES_AGGRESSIVE;
				CLANG_CXX_LANGUAGE_STANDARD = "gnu++14";
				CLANG_CXX_LIBRARY = "libc++";
				CLANG_ENABLE_MODULES = YES;
				CLANG_ENABLE_OBJC_ARC = YES;
				CLANG_ENABLE_OBJC_WEAK = YES;
				CLANG_WARN_BLOCK_CAPTURE_AUTORELEASING = YES;
				CLANG_WARN_BOOL_CONVERSION = YES;
				CLANG_WARN_COMMA = YES;
				CLANG_WARN_CONSTANT_CONVERSION = YES;
				CLANG_WARN_DEPRECATED_OBJC_IMPLEMENTATIONS = YES;
				CLANG_WARN_DIRECT_OBJC_ISA_USAGE = YES_ERROR;
				CLANG_WARN_DOCUMENTATION_COMMENTS = YES;
				CLANG_WARN_EMPTY_BODY = YES;
				CLANG_WARN_ENUM_CONVERSION = YES;
				CLANG_WARN_INFINITE_RECURSION = YES;
				CLANG_WARN_INT_CONVERSION = YES;
				CLANG_WARN_NON_LITERAL_NULL_CONVERSION = YES;
				CLANG_WARN_OBJC_IMPLICIT_RETAIN_SELF = YES;
				CLANG_WARN_OBJC_LITERAL_CONVERSION = YES;
				CLANG_WARN_OBJC_ROOT_CLASS = YES_ERROR;
				CLANG_WARN_RANGE_LOOP_ANALYSIS = YES;
				CLANG_WARN_STRICT_PROTOTYPES = YES;
				CLANG_WARN_SUSPICIOUS_MOVE = YES;
				CLANG_WARN_UNGUARDED_AVAILABILITY = YES_AGGRESSIVE;
				CLANG_WARN_UNREACHABLE_CODE = YES;
				CLANG_WARN__DUPLICATE_METHOD_MATCH = YES;
				COPY_PHASE_STRIP = NO;
				DEBUG_INFORMATION_FORMAT = dwarf;
				ENABLE_STRICT_OBJC_MSGSEND = YES;
				ENABLE_TESTABILITY = YES;
				GCC_C_LANGUAGE_STANDARD = gnu11;
				GCC_DYNAMIC_NO_PIC = NO;
				GCC_NO_COMMON_BLOCKS = YES;
				GCC_OPTIMIZATION_LEVEL = 0;
				GCC_PREPROCESSOR_DEFINITIONS = (
					"DEBUG=1",
					"$(inherited)",
				);
				GCC_WARN_64_TO_32_BIT_CONVERSION = YES;
				GCC_WARN_ABOUT_RETURN_TYPE = YES_ERROR;
				GCC_WARN_UNDECLARED_SELECTOR = YES;
				GCC_WARN_UNINITIALIZED_AUTOS = YES_AGGRESSIVE;
				GCC_WARN_UNUSED_FUNCTION = YES;
				GCC_WARN_UNUSED_VARIABLE = YES;
				IPHONEOS_DEPLOYMENT_TARGET = 13.6;
				MTL_ENABLE_DEBUG_INFO = INCLUDE_SOURCE;
				MTL_FAST_MATH = YES;
				ONLY_ACTIVE_ARCH = YES;
				SDKROOT = iphoneos;
				SWIFT_ACTIVE_COMPILATION_CONDITIONS = DEBUG;
				SWIFT_OPTIMIZATION_LEVEL = "-Onone";
			};
			name = Debug;
		};
		A93D47F02518E13700FB0860 /* Release */ = {
			isa = XCBuildConfiguration;
			buildSettings = {
				ALWAYS_SEARCH_USER_PATHS = NO;
				CLANG_ANALYZER_NONNULL = YES;
				CLANG_ANALYZER_NUMBER_OBJECT_CONVERSION = YES_AGGRESSIVE;
				CLANG_CXX_LANGUAGE_STANDARD = "gnu++14";
				CLANG_CXX_LIBRARY = "libc++";
				CLANG_ENABLE_MODULES = YES;
				CLANG_ENABLE_OBJC_ARC = YES;
				CLANG_ENABLE_OBJC_WEAK = YES;
				CLANG_WARN_BLOCK_CAPTURE_AUTORELEASING = YES;
				CLANG_WARN_BOOL_CONVERSION = YES;
				CLANG_WARN_COMMA = YES;
				CLANG_WARN_CONSTANT_CONVERSION = YES;
				CLANG_WARN_DEPRECATED_OBJC_IMPLEMENTATIONS = YES;
				CLANG_WARN_DIRECT_OBJC_ISA_USAGE = YES_ERROR;
				CLANG_WARN_DOCUMENTATION_COMMENTS = YES;
				CLANG_WARN_EMPTY_BODY = YES;
				CLANG_WARN_ENUM_CONVERSION = YES;
				CLANG_WARN_INFINITE_RECURSION = YES;
				CLANG_WARN_INT_CONVERSION = YES;
				CLANG_WARN_NON_LITERAL_NULL_CONVERSION = YES;
				CLANG_WARN_OBJC_IMPLICIT_RETAIN_SELF = YES;
				CLANG_WARN_OBJC_LITERAL_CONVERSION = YES;
				CLANG_WARN_OBJC_ROOT_CLASS = YES_ERROR;
				CLANG_WARN_RANGE_LOOP_ANALYSIS = YES;
				CLANG_WARN_STRICT_PROTOTYPES = YES;
				CLANG_WARN_SUSPICIOUS_MOVE = YES;
				CLANG_WARN_UNGUARDED_AVAILABILITY = YES_AGGRESSIVE;
				CLANG_WARN_UNREACHABLE_CODE = YES;
				CLANG_WARN__DUPLICATE_METHOD_MATCH = YES;
				COPY_PHASE_STRIP = NO;
				DEBUG_INFORMATION_FORMAT = "dwarf-with-dsym";
				ENABLE_NS_ASSERTIONS = NO;
				ENABLE_STRICT_OBJC_MSGSEND = YES;
				GCC_C_LANGUAGE_STANDARD = gnu11;
				GCC_NO_COMMON_BLOCKS = YES;
				GCC_WARN_64_TO_32_BIT_CONVERSION = YES;
				GCC_WARN_ABOUT_RETURN_TYPE = YES_ERROR;
				GCC_WARN_UNDECLARED_SELECTOR = YES;
				GCC_WARN_UNINITIALIZED_AUTOS = YES_AGGRESSIVE;
				GCC_WARN_UNUSED_FUNCTION = YES;
				GCC_WARN_UNUSED_VARIABLE = YES;
				IPHONEOS_DEPLOYMENT_TARGET = 13.6;
				MTL_ENABLE_DEBUG_INFO = NO;
				MTL_FAST_MATH = YES;
				SDKROOT = iphoneos;
				SWIFT_COMPILATION_MODE = wholemodule;
				SWIFT_OPTIMIZATION_LEVEL = "-O";
				VALIDATE_PRODUCT = YES;
			};
			name = Release;
		};
		A93D47F22518E13700FB0860 /* Debug */ = {
			isa = XCBuildConfiguration;
			buildSettings = {
				ASSETCATALOG_COMPILER_APPICON_NAME = AppIcon;
				CODE_SIGN_STYLE = Automatic;
				DEVELOPMENT_ASSET_PATHS = "\"JenkinsBizCard/Preview Content\"";
				ENABLE_PREVIEWS = YES;
				INFOPLIST_FILE = JenkinsBizCard/Info.plist;
				LD_RUNPATH_SEARCH_PATHS = (
					"$(inherited)",
					"@executable_path/Frameworks",
				);
				PRODUCT_BUNDLE_IDENTIFIER = dev.logicode.JenkinsBizCard;
				PRODUCT_NAME = "$(TARGET_NAME)";
				SWIFT_VERSION = 5.0;
				TARGETED_DEVICE_FAMILY = "1,2";
			};
			name = Debug;
		};
		A93D47F32518E13700FB0860 /* Release */ = {
			isa = XCBuildConfiguration;
			buildSettings = {
				ASSETCATALOG_COMPILER_APPICON_NAME = AppIcon;
				CODE_SIGN_STYLE = Automatic;
				DEVELOPMENT_ASSET_PATHS = "\"JenkinsBizCard/Preview Content\"";
				ENABLE_PREVIEWS = YES;
				INFOPLIST_FILE = JenkinsBizCard/Info.plist;
				LD_RUNPATH_SEARCH_PATHS = (
					"$(inherited)",
					"@executable_path/Frameworks",
				);
				PRODUCT_BUNDLE_IDENTIFIER = dev.logicode.JenkinsBizCard;
				PRODUCT_NAME = "$(TARGET_NAME)";
				SWIFT_VERSION = 5.0;
				TARGETED_DEVICE_FAMILY = "1,2";
			};
			name = Release;
		};
/* End XCBuildConfiguration section */

/* Begin XCConfigurationList section */
		A93D47D82518E13400FB0860 /* Build configuration list for PBXProject "JenkinsBizCard" */ = {
			isa = XCConfigurationList;
			buildConfigurations = (
				A93D47EF2518E13700FB0860 /* Debug */,
				A93D47F02518E13700FB0860 /* Release */,
			);
			defaultConfigurationIsVisible = 0;
			defaultConfigurationName = Release;
		};
		A93D47F12518E13700FB0860 /* Build configuration list for PBXNativeTarget "JenkinsBizCard" */ = {
			isa = XCConfigurationList;
			buildConfigurations = (
				A93D47F22518E13700FB0860 /* Debug */,
				A93D47F32518E13700FB0860 /* Release */,
			);
			defaultConfigurationIsVisible = 0;
			defaultConfigurationName = Release;
		};
/* End XCConfigurationList section */
	};
	rootObject = A93D47D52518E13400FB0860 /* Project object */;
}
